PODS:
  - Adjust (4.26.1):
    - Adjust/Core (= 4.26.1)
  - Adjust/Core (4.26.1)
  - KFCAppin (0.1.0)

DEPENDENCIES:
  - Adjust
  - KFCAppin (from `../`)

SPEC REPOS:
  trunk:
    - Adjust

EXTERNAL SOURCES:
  KFCAppin:
    :path: "../"

SPEC CHECKSUMS:
  Adjust: e8f9b8b50b3d234923389f8e0077ce911cf502d8
  KFCAppin: 31832b2165f0697f82f4934b4c058cdd464e8d89

PODFILE CHECKSUM: 658a865ad8f485b6286833fc82fd034929d55ef6

COCOAPODS: 1.9.3
